
Microsoft Visual Studio Solution File, Format Version 12.00
# Visual Studio Version 16
VisualStudioVersion = 16.0.32413.511
MinimumVisualStudioVersion = 10.0.40219.1
Project("{FAE04EC0-301F-11D3-BF4B-00C04F79EFBC}") = "MyMethodCountingLib", "MyMethodCountingLib\MyMethodCountingLib.csproj", "{80EFC546-637A-4164-BA88-0DDE2B5339D4}"
EndProject
Project("{FAE04EC0-301F-11D3-BF4B-00C04F79EFBC}") = "MyMethodCountingLibTest", "MyMethodCountingLibTest\MyMethodCountingLibTest.csproj", "{01D817CE-9C94-409F-BBCB-721D1BE94698}"
EndProject
Global
	GlobalSection(SolutionConfigurationPlatforms) = preSolution
		Debug|Any CPU = Debug|Any CPU
		Release|Any CPU = Release|Any CPU
	EndGlobalSection
	GlobalSection(ProjectConfigurationPlatforms) = postSolution
		{80EFC546-637A-4164-BA88-0DDE2B5339D4}.Debug|Any CPU.ActiveCfg = Debug|Any CPU
		{80EFC546-637A-4164-BA88-0DDE2B5339D4}.Debug|Any CPU.Build.0 = Debug|Any CPU
		{80EFC546-637A-4164-BA88-0DDE2B5339D4}.Release|Any CPU.ActiveCfg = Release|Any CPU
		{80EFC546-637A-4164-BA88-0DDE2B5339D4}.Release|Any CPU.Build.0 = Release|Any CPU
		{01D817CE-9C94-409F-BBCB-721D1BE94698}.Debug|Any CPU.ActiveCfg = Debug|Any CPU
		{01D817CE-9C94-409F-BBCB-721D1BE94698}.Debug|Any CPU.Build.0 = Debug|Any CPU
		{01D817CE-9C94-409F-BBCB-721D1BE94698}.Release|Any CPU.ActiveCfg = Release|Any CPU
		{01D817CE-9C94-409F-BBCB-721D1BE94698}.Release|Any CPU.Build.0 = Release|Any CPU
	EndGlobalSection
	GlobalSection(SolutionProperties) = preSolution
		HideSolutionNode = FALSE
	EndGlobalSection
	GlobalSection(ExtensibilityGlobals) = postSolution
		SolutionGuid = {B8DD4234-B80A-4662-9DD2-E988893B1A36}
	EndGlobalSection
EndGlobal
